
Microsoft Visual Studio Solution File, Format Version 12.00
# Visual Studio Version 17
VisualStudioVersion = 17.14.36408.4
MinimumVisualStudioVersion = 10.0.40219.1
Project("{FAE04EC0-301F-11D3-BF4B-00C04F79EFBC}") = "FirstAPI", "FirstAPI\FirstAPI.csproj", "{DA43C327-FFD8-4120-84CD-BAD6414BAEB6}"
EndProject
Project("{FAE04EC0-301F-11D3-BF4B-00C04F79EFBC}") = "TestProject1", "TestProject1\TestProject1.csproj", "{BD3DC1F4-A6CD-406A-B1F7-059D55692562}"
EndProject
Global
	GlobalSection(SolutionConfigurationPlatforms) = preSolution
		Debug|Any CPU = Debug|Any CPU
		Release|Any CPU = Release|Any CPU
	EndGlobalSection
	GlobalSection(ProjectConfigurationPlatforms) = postSolution
		{DA43C327-FFD8-4120-84CD-BAD6414BAEB6}.Debug|Any CPU.ActiveCfg = Debug|Any CPU
		{DA43C327-FFD8-4120-84CD-BAD6414BAEB6}.Debug|Any CPU.Build.0 = Debug|Any CPU
		{DA43C327-FFD8-4120-84CD-BAD6414BAEB6}.Release|Any CPU.ActiveCfg = Release|Any CPU
		{DA43C327-FFD8-4120-84CD-BAD6414BAEB6}.Release|Any CPU.Build.0 = Release|Any CPU
		{BD3DC1F4-A6CD-406A-B1F7-059D55692562}.Debug|Any CPU.ActiveCfg = Debug|Any CPU
		{BD3DC1F4-A6CD-406A-B1F7-059D55692562}.Debug|Any CPU.Build.0 = Debug|Any CPU
		{BD3DC1F4-A6CD-406A-B1F7-059D55692562}.Release|Any CPU.ActiveCfg = Release|Any CPU
		{BD3DC1F4-A6CD-406A-B1F7-059D55692562}.Release|Any CPU.Build.0 = Release|Any CPU
	EndGlobalSection
	GlobalSection(SolutionProperties) = preSolution
		HideSolutionNode = FALSE
	EndGlobalSection
	GlobalSection(ExtensibilityGlobals) = postSolution
		SolutionGuid = {CEB3BEBA-EA84-4DD5-BF79-89250AA0E275}
	EndGlobalSection
EndGlobal
